
Microsoft Visual Studio Solution File, Format Version 12.00
# Visual Studio Version 17
VisualStudioVersion = 17.14.36121.58 d17.14
MinimumVisualStudioVersion = 10.0.40219.1
Project("{FAE04EC0-301F-11D3-BF4B-00C04F79EFBC}") = "OtoparkRezervasyonOtomasyonSistemi", "OtoparkRezervasyonOtomasyonSistemi\OtoparkRezervasyonOtomasyonSistemi.csproj", "{BA688F02-FD93-40E7-8C5D-E517DD04D261}"
EndProject
Global
	GlobalSection(SolutionConfigurationPlatforms) = preSolution
		Debug|Any CPU = Debug|Any CPU
		Release|Any CPU = Release|Any CPU
	EndGlobalSection
	GlobalSection(ProjectConfigurationPlatforms) = postSolution
		{BA688F02-FD93-40E7-8C5D-E517DD04D261}.Debug|Any CPU.ActiveCfg = Debug|Any CPU
		{BA688F02-FD93-40E7-8C5D-E517DD04D261}.Debug|Any CPU.Build.0 = Debug|Any CPU
		{BA688F02-FD93-40E7-8C5D-E517DD04D261}.Release|Any CPU.ActiveCfg = Release|Any CPU
		{BA688F02-FD93-40E7-8C5D-E517DD04D261}.Release|Any CPU.Build.0 = Release|Any CPU
	EndGlobalSection
	GlobalSection(SolutionProperties) = preSolution
		HideSolutionNode = FALSE
	EndGlobalSection
	GlobalSection(ExtensibilityGlobals) = postSolution
		SolutionGuid = {99526E4B-46E5-44B8-8F12-8AA689C695B9}
	EndGlobalSection
EndGlobal
